{
    "requires": true,
    "lockfileVersion": 1,
    "dependencies": {
        "file-match": {
            "version": "1.0.2",
            "resolved": "https://registry.npmjs.org/file-match/-/file-match-1.0.2.tgz",
            "integrity": "sha1-ycrSZdLIrfOoFHWw30dYWQafrvc=",
            "requires": {
                "utils-extend": "^1.0.6"
            }
        },
        "file-system": {
            "version": "2.2.2",
            "resolved": "https://registry.npmjs.org/file-system/-/file-system-2.2.2.tgz",
            "integrity": "sha1-fWWDPjojR9zZVqgTxncVPtPt2Yc=",
            "requires": {
                "file-match": "^1.0.1",
                "utils-extend": "^1.0.4"
            }
        },
        "fs": {
            "version": "0.0.1-security",
            "resolved": "https://registry.npmjs.org/fs/-/fs-0.0.1-security.tgz",
            "integrity": "sha1-invTcYa23d84E/I4WLV+yq9eQdQ="
        },
        "jquery": {
            "version": "3.5.1",
            "resolved": "https://registry.npmjs.org/jquery/-/jquery-3.5.1.tgz",
            "integrity": "sha512-XwIBPqcMn57FxfT+Go5pzySnm4KWkT1Tv7gjrpT1srtf8Weynl6R273VJ5GjkRb51IzMp5nbaPjJXMWeju2MKg=="
        },
        "utils-extend": {
            "version": "1.0.8",
            "resolved": "https://registry.npmjs.org/utils-extend/-/utils-extend-1.0.8.tgz",
            "integrity": "sha1-zP17ZFQPjpDuIe7Fd2nQZRyril8="
        }
    }
}
